
Microsoft Visual Studio Solution File, Format Version 12.00
# Visual Studio Version 16
VisualStudioVersion = 16.0.32413.511
MinimumVisualStudioVersion = 10.0.40219.1
Project("{FAE04EC0-301F-11D3-BF4B-00C04F79EFBC}") = "Identity.WebApi", "Identity.WebApi.csproj", "{0972C93E-5EE6-427D-9B54-EC2DBD163C6E}"
EndProject
Global
	GlobalSection(SolutionConfigurationPlatforms) = preSolution
		Debug|Any CPU = Debug|Any CPU
		Release|Any CPU = Release|Any CPU
	EndGlobalSection
	GlobalSection(ProjectConfigurationPlatforms) = postSolution
		{0972C93E-5EE6-427D-9B54-EC2DBD163C6E}.Debug|Any CPU.ActiveCfg = Debug|Any CPU
		{0972C93E-5EE6-427D-9B54-EC2DBD163C6E}.Debug|Any CPU.Build.0 = Debug|Any CPU
		{0972C93E-5EE6-427D-9B54-EC2DBD163C6E}.Release|Any CPU.ActiveCfg = Release|Any CPU
		{0972C93E-5EE6-427D-9B54-EC2DBD163C6E}.Release|Any CPU.Build.0 = Release|Any CPU
	EndGlobalSection
	GlobalSection(SolutionProperties) = preSolution
		HideSolutionNode = FALSE
	EndGlobalSection
	GlobalSection(ExtensibilityGlobals) = postSolution
		SolutionGuid = {33203D6A-26D3-48C9-82FF-60DEEBD2D446}
	EndGlobalSection
EndGlobal
